// !$*UTF8*$!
{
	archiveVersion = 1;
	classes = {
	};
	objectVersion = 46;
	objects = {

/* Begin PBXBuildFile section */
		755B64B820800DD50053E113 /* AbstractObject.cpp in Sources */ = {isa = PBXBuildFile; fileRef = 755B64AE20800DD50053E113 /* AbstractObject.cpp */; };
		755B64B920800DD50053E113 /* ColorHelper.cpp in Sources */ = {isa = PBXBuildFile; fileRef = 755B64B020800DD50053E113 /* ColorHelper.cpp */; };
		755B64BA20800DD50053E113 /* Cube.cpp in Sources */ = {isa = PBXBuildFile; fileRef = 755B64B220800DD50053E113 /* Cube.cpp */; };
		755B64BB20800DD50053E113 /* README.md in Sources */ = {isa = PBXBuildFile; fileRef = 755B64B520800DD50053E113 /* README.md */; };
		755B64BC20800DD50053E113 /* RGBColor.cpp in Sources */ = {isa = PBXBuildFile; fileRef = 755B64B620800DD50053E113 /* RGBColor.cpp */; };
		755B64C020800E2F0053E113 /* rotating-objects.cpp in Sources */ = {isa = PBXBuildFile; fileRef = 755B64BF20800E2F0053E113 /* rotating-objects.cpp */; };
		755B64C420800EF50053E113 /* MovingCube.cpp in Sources */ = {isa = PBXBuildFile; fileRef = 755B64C220800EF50053E113 /* MovingCube.cpp */; };
		75D8193620779EE900C85590 /* OpenGL.framework in Frameworks */ = {isa = PBXBuildFile; fileRef = 75D8193520779EE900C85590 /* OpenGL.framework */; };
/* End PBXBuildFile section */

/* Begin PBXCopyFilesBuildPhase section */
		75D8192820779DF800C85590 /* CopyFiles */ = {
			isa = PBXCopyFilesBuildPhase;
			buildActionMask = 2147483647;
			dstPath = /usr/share/man/man1/;
			dstSubfolderSpec = 0;
			files = (
			);
			runOnlyForDeploymentPostprocessing = 1;
		};
/* End PBXCopyFilesBuildPhase section */

/* Begin PBXFileReference section */
		754458FA207E10BF00999CD1 /* ColorHelper.cpp */ = {isa = PBXFileReference; fileEncoding = 4; lastKnownFileType = sourcecode.cpp.cpp; name = ColorHelper.cpp; path = OpenGLHelper/ColorHelper.cpp; sourceTree = "<group>"; };
		754458FB207E10BF00999CD1 /* ColorHelper.h */ = {isa = PBXFileReference; fileEncoding = 4; lastKnownFileType = sourcecode.c.h; name = ColorHelper.h; path = OpenGLHelper/ColorHelper.h; sourceTree = "<group>"; };
		754458FC207E10BF00999CD1 /* README.md */ = {isa = PBXFileReference; fileEncoding = 4; lastKnownFileType = net.daringfireball.markdown; name = README.md; path = OpenGLHelper/README.md; sourceTree = "<group>"; };
		754458FD207E10BF00999CD1 /* RGBColor.cpp */ = {isa = PBXFileReference; fileEncoding = 4; lastKnownFileType = sourcecode.cpp.cpp; name = RGBColor.cpp; path = OpenGLHelper/RGBColor.cpp; sourceTree = "<group>"; };
		754458FE207E10BF00999CD1 /* RGBColor.h */ = {isa = PBXFileReference; fileEncoding = 4; lastKnownFileType = sourcecode.c.h; name = RGBColor.h; path = OpenGLHelper/RGBColor.h; sourceTree = "<group>"; };
		754600612080A5E900DDCCCE /* rotating-objects */ = {isa = PBXFileReference; explicitFileType = "compiled.mach-o.executable"; includeInIndex = 0; path = "rotating-objects"; sourceTree = BUILT_PRODUCTS_DIR; };
		755B64A7207FB0150053E113 /* AbstractObject.cpp */ = {isa = PBXFileReference; fileEncoding = 4; lastKnownFileType = sourcecode.cpp.cpp; name = AbstractObject.cpp; path = OpenGLHelper/AbstractObject.cpp; sourceTree = "<group>"; };
		755B64A8207FB0150053E113 /* AbstractObject.h */ = {isa = PBXFileReference; fileEncoding = 4; lastKnownFileType = sourcecode.c.h; name = AbstractObject.h; path = OpenGLHelper/AbstractObject.h; sourceTree = "<group>"; };
		755B64A9207FB0150053E113 /* Cube.cpp */ = {isa = PBXFileReference; fileEncoding = 4; lastKnownFileType = sourcecode.cpp.cpp; name = Cube.cpp; path = OpenGLHelper/Cube.cpp; sourceTree = "<group>"; };
		755B64AA207FB0150053E113 /* Cube.h */ = {isa = PBXFileReference; fileEncoding = 4; lastKnownFileType = sourcecode.c.h; name = Cube.h; path = OpenGLHelper/Cube.h; sourceTree = "<group>"; };
		755B64AE20800DD50053E113 /* AbstractObject.cpp */ = {isa = PBXFileReference; fileEncoding = 4; lastKnownFileType = sourcecode.cpp.cpp; path = AbstractObject.cpp; sourceTree = "<group>"; };
		755B64AF20800DD50053E113 /* AbstractObject.h */ = {isa = PBXFileReference; fileEncoding = 4; lastKnownFileType = sourcecode.c.h; path = AbstractObject.h; sourceTree = "<group>"; };
		755B64B020800DD50053E113 /* ColorHelper.cpp */ = {isa = PBXFileReference; fileEncoding = 4; lastKnownFileType = sourcecode.cpp.cpp; path = ColorHelper.cpp; sourceTree = "<group>"; };
		755B64B120800DD50053E113 /* ColorHelper.h */ = {isa = PBXFileReference; fileEncoding = 4; lastKnownFileType = sourcecode.c.h; path = ColorHelper.h; sourceTree = "<group>"; };
		755B64B220800DD50053E113 /* Cube.cpp */ = {isa = PBXFileReference; fileEncoding = 4; lastKnownFileType = sourcecode.cpp.cpp; path = Cube.cpp; sourceTree = "<group>"; };
		755B64B320800DD50053E113 /* Cube.h */ = {isa = PBXFileReference; fileEncoding = 4; lastKnownFileType = sourcecode.c.h; path = Cube.h; sourceTree = "<group>"; };
		755B64B520800DD50053E113 /* README.md */ = {isa = PBXFileReference; fileEncoding = 4; lastKnownFileType = net.daringfireball.markdown; path = README.md; sourceTree = "<group>"; };
		755B64B620800DD50053E113 /* RGBColor.cpp */ = {isa = PBXFileReference; fileEncoding = 4; lastKnownFileType = sourcecode.cpp.cpp; path = RGBColor.cpp; sourceTree = "<group>"; };
		755B64B720800DD50053E113 /* RGBColor.h */ = {isa = PBXFileReference; fileEncoding = 4; lastKnownFileType = sourcecode.c.h; path = RGBColor.h; sourceTree = "<group>"; };
		755B64BF20800E2F0053E113 /* rotating-objects.cpp */ = {isa = PBXFileReference; fileEncoding = 4; lastKnownFileType = sourcecode.cpp.cpp; name = "rotating-objects.cpp"; path = "examples/rotating-objects.cpp"; sourceTree = "<group>"; };
		755B64C220800EF50053E113 /* MovingCube.cpp */ = {isa = PBXFileReference; fileEncoding = 4; lastKnownFileType = sourcecode.cpp.cpp; name = MovingCube.cpp; path = examples/custom_objects/MovingCube.cpp; sourceTree = "<group>"; };
		755B64C320800EF50053E113 /* MovingCube.h */ = {isa = PBXFileReference; fileEncoding = 4; lastKnownFileType = sourcecode.c.h; name = MovingCube.h; path = examples/custom_objects/MovingCube.h; sourceTree = "<group>"; };
		75D8193520779EE900C85590 /* OpenGL.framework */ = {isa = PBXFileReference; lastKnownFileType = wrapper.framework; name = OpenGL.framework; path = System/Library/Frameworks/OpenGL.framework; sourceTree = SDKROOT; };
/* End PBXFileReference section */

/* Begin PBXFrameworksBuildPhase section */
		75D8192720779DF800C85590 /* Frameworks */ = {
			isa = PBXFrameworksBuildPhase;
			buildActionMask = 2147483647;
			files = (
				75D8193620779EE900C85590 /* OpenGL.framework in Frameworks */,
			);
			runOnlyForDeploymentPostprocessing = 0;
		};
/* End PBXFrameworksBuildPhase section */

/* Begin PBXGroup section */
		754458F9207E10AF00999CD1 /* OpenGLHelper */ = {
			isa = PBXGroup;
			children = (
				755B64A7207FB0150053E113 /* AbstractObject.cpp */,
				755B64A8207FB0150053E113 /* AbstractObject.h */,
				755B64A9207FB0150053E113 /* Cube.cpp */,
				755B64AA207FB0150053E113 /* Cube.h */,
				754458FA207E10BF00999CD1 /* ColorHelper.cpp */,
				754458FB207E10BF00999CD1 /* ColorHelper.h */,
				754458FC207E10BF00999CD1 /* README.md */,
				754458FD207E10BF00999CD1 /* RGBColor.cpp */,
				754458FE207E10BF00999CD1 /* RGBColor.h */,
			);
			name = OpenGLHelper;
			sourceTree = "<group>";
		};
		755B64BD20800E180053E113 /* New Group */ = {
			isa = PBXGroup;
			children = (
			);
			name = "New Group";
			sourceTree = "<group>";
		};
		755B64BE20800E230053E113 /* New Group1 */ = {
			isa = PBXGroup;
			children = (
			);
			name = "New Group1";
			sourceTree = "<group>";
		};
		75D8192120779DF800C85590 = {
			isa = PBXGroup;
			children = (
				755B64C220800EF50053E113 /* MovingCube.cpp */,
				755B64C320800EF50053E113 /* MovingCube.h */,
				755B64BF20800E2F0053E113 /* rotating-objects.cpp */,
				755B64BE20800E230053E113 /* New Group1 */,
				755B64AE20800DD50053E113 /* AbstractObject.cpp */,
				755B64AF20800DD50053E113 /* AbstractObject.h */,
				755B64B020800DD50053E113 /* ColorHelper.cpp */,
				755B64B120800DD50053E113 /* ColorHelper.h */,
				755B64B220800DD50053E113 /* Cube.cpp */,
				755B64B320800DD50053E113 /* Cube.h */,
				755B64BD20800E180053E113 /* New Group */,
				755B64B520800DD50053E113 /* README.md */,
				755B64B620800DD50053E113 /* RGBColor.cpp */,
				755B64B720800DD50053E113 /* RGBColor.h */,
				75D8193420779EE900C85590 /* Frameworks */,
				754600612080A5E900DDCCCE /* rotating-objects */,
			);
			sourceTree = "<group>";
		};
		75D8193420779EE900C85590 /* Frameworks */ = {
			isa = PBXGroup;
			children = (
				754458F9207E10AF00999CD1 /* OpenGLHelper */,
				75D8193520779EE900C85590 /* OpenGL.framework */,
			);
			name = Frameworks;
			sourceTree = "<group>";
		};
/* End PBXGroup section */

/* Begin PBXNativeTarget section */
		75D8192920779DF800C85590 /* rotating-objects */ = {
			isa = PBXNativeTarget;
			buildConfigurationList = 75D8193120779DF800C85590 /* Build configuration list for PBXNativeTarget "rotating-objects" */;
			buildPhases = (
				75D8192620779DF800C85590 /* Sources */,
				75D8192720779DF800C85590 /* Frameworks */,
				75D8192820779DF800C85590 /* CopyFiles */,
			);
			buildRules = (
			);
			dependencies = (
			);
			name = "rotating-objects";
			productName = OpenGL_Test;
			productReference = 754600612080A5E900DDCCCE /* rotating-objects */;
			productType = "com.apple.product-type.tool";
		};
/* End PBXNativeTarget section */

/* Begin PBXProject section */
		75D8192220779DF800C85590 /* Project object */ = {
			isa = PBXProject;
			attributes = {
				LastUpgradeCheck = 0830;
				ORGANIZATIONNAME = "Mario Lubenka";
				TargetAttributes = {
					75D8192920779DF800C85590 = {
						CreatedOnToolsVersion = 8.3.3;
						ProvisioningStyle = Automatic;
					};
				};
			};
			buildConfigurationList = 75D8192520779DF800C85590 /* Build configuration list for PBXProject "OpenGLHelper" */;
			compatibilityVersion = "Xcode 3.2";
			developmentRegion = English;
			hasScannedForEncodings = 0;
			knownRegions = (
				en,
			);
			mainGroup = 75D8192120779DF800C85590;
			productRefGroup = 75D8192120779DF800C85590;
			projectDirPath = "";
			projectRoot = "";
			targets = (
				75D8192920779DF800C85590 /* rotating-objects */,
			);
		};
/* End PBXProject section */

/* Begin PBXSourcesBuildPhase section */
		75D8192620779DF800C85590 /* Sources */ = {
			isa = PBXSourcesBuildPhase;
			buildActionMask = 2147483647;
			files = (
				755B64C020800E2F0053E113 /* rotating-objects.cpp in Sources */,
				755B64BC20800DD50053E113 /* RGBColor.cpp in Sources */,
				755B64BA20800DD50053E113 /* Cube.cpp in Sources */,
				755B64B820800DD50053E113 /* AbstractObject.cpp in Sources */,
				755B64BB20800DD50053E113 /* README.md in Sources */,
				755B64C420800EF50053E113 /* MovingCube.cpp in Sources */,
				755B64B920800DD50053E113 /* ColorHelper.cpp in Sources */,
			);
			runOnlyForDeploymentPostprocessing = 0;
		};
/* End PBXSourcesBuildPhase section */

/* Begin XCBuildConfiguration section */
		75D8192F20779DF800C85590 /* Debug */ = {
			isa = XCBuildConfiguration;
			buildSettings = {
				ALWAYS_SEARCH_USER_PATHS = NO;
				CLANG_ANALYZER_NONNULL = YES;
				CLANG_ANALYZER_NUMBER_OBJECT_CONVERSION = YES_AGGRESSIVE;
				CLANG_CXX_LANGUAGE_STANDARD = "gnu++0x";
				CLANG_CXX_LIBRARY = "libc++";
				CLANG_ENABLE_MODULES = YES;
				CLANG_ENABLE_OBJC_ARC = YES;
				CLANG_WARN_BOOL_CONVERSION = YES;
				CLANG_WARN_CONSTANT_CONVERSION = YES;
				CLANG_WARN_DIRECT_OBJC_ISA_USAGE = YES_ERROR;
				CLANG_WARN_DOCUMENTATION_COMMENTS = YES;
				CLANG_WARN_EMPTY_BODY = YES;
				CLANG_WARN_ENUM_CONVERSION = YES;
				CLANG_WARN_INFINITE_RECURSION = YES;
				CLANG_WARN_INT_CONVERSION = YES;
				CLANG_WARN_OBJC_ROOT_CLASS = YES_ERROR;
				CLANG_WARN_SUSPICIOUS_MOVE = YES;
				CLANG_WARN_UNREACHABLE_CODE = YES;
				CLANG_WARN__DUPLICATE_METHOD_MATCH = YES;
				CODE_SIGN_IDENTITY = "-";
				COPY_PHASE_STRIP = NO;
				DEBUG_INFORMATION_FORMAT = dwarf;
				ENABLE_STRICT_OBJC_MSGSEND = YES;
				ENABLE_TESTABILITY = YES;
				GCC_C_LANGUAGE_STANDARD = gnu99;
				GCC_DYNAMIC_NO_PIC = NO;
				GCC_NO_COMMON_BLOCKS = YES;
				GCC_OPTIMIZATION_LEVEL = 0;
				GCC_PREPROCESSOR_DEFINITIONS = (
					"DEBUG=1",
					"$(inherited)",
				);
				GCC_WARN_64_TO_32_BIT_CONVERSION = YES;
				GCC_WARN_ABOUT_RETURN_TYPE = YES_ERROR;
				GCC_WARN_UNDECLARED_SELECTOR = YES;
				GCC_WARN_UNINITIALIZED_AUTOS = YES_AGGRESSIVE;
				GCC_WARN_UNUSED_FUNCTION = YES;
				GCC_WARN_UNUSED_VARIABLE = YES;
				MACOSX_DEPLOYMENT_TARGET = 10.12;
				MTL_ENABLE_DEBUG_INFO = YES;
				ONLY_ACTIVE_ARCH = YES;
				SDKROOT = macosx;
			};
			name = Debug;
		};
		75D8193020779DF800C85590 /* Release */ = {
			isa = XCBuildConfiguration;
			buildSettings = {
				ALWAYS_SEARCH_USER_PATHS = NO;
				CLANG_ANALYZER_NONNULL = YES;
				CLANG_ANALYZER_NUMBER_OBJECT_CONVERSION = YES_AGGRESSIVE;
				CLANG_CXX_LANGUAGE_STANDARD = "gnu++0x";
				CLANG_CXX_LIBRARY = "libc++";
				CLANG_ENABLE_MODULES = YES;
				CLANG_ENABLE_OBJC_ARC = YES;
				CLANG_WARN_BOOL_CONVERSION = YES;
				CLANG_WARN_CONSTANT_CONVERSION = YES;
				CLANG_WARN_DIRECT_OBJC_ISA_USAGE = YES_ERROR;
				CLANG_WARN_DOCUMENTATION_COMMENTS = YES;
				CLANG_WARN_EMPTY_BODY = YES;
				CLANG_WARN_ENUM_CONVERSION = YES;
				CLANG_WARN_INFINITE_RECURSION = YES;
				CLANG_WARN_INT_CONVERSION = YES;
				CLANG_WARN_OBJC_ROOT_CLASS = YES_ERROR;
				CLANG_WARN_SUSPICIOUS_MOVE = YES;
				CLANG_WARN_UNREACHABLE_CODE = YES;
				CLANG_WARN__DUPLICATE_METHOD_MATCH = YES;
				CODE_SIGN_IDENTITY = "-";
				COPY_PHASE_STRIP = NO;
				DEBUG_INFORMATION_FORMAT = "dwarf-with-dsym";
				ENABLE_NS_ASSERTIONS = NO;
				ENABLE_STRICT_OBJC_MSGSEND = YES;
				GCC_C_LANGUAGE_STANDARD = gnu99;
				GCC_NO_COMMON_BLOCKS = YES;
				GCC_WARN_64_TO_32_BIT_CONVERSION = YES;
				GCC_WARN_ABOUT_RETURN_TYPE = YES_ERROR;
				GCC_WARN_UNDECLARED_SELECTOR = YES;
				GCC_WARN_UNINITIALIZED_AUTOS = YES_AGGRESSIVE;
				GCC_WARN_UNUSED_FUNCTION = YES;
				GCC_WARN_UNUSED_VARIABLE = YES;
				MACOSX_DEPLOYMENT_TARGET = 10.12;
				MTL_ENABLE_DEBUG_INFO = NO;
				SDKROOT = macosx;
			};
			name = Release;
		};
		75D8193220779DF800C85590 /* Debug */ = {
			isa = XCBuildConfiguration;
			buildSettings = {
				HEADER_SEARCH_PATHS = (
					/usr/local/include,
					/opt/X11/include,
				);
				LIBRARY_SEARCH_PATHS = (
					/opt/X11/lib,
					/usr/local/lib,
				);
				OTHER_LDFLAGS = "-lGLUT";
				PRODUCT_NAME = "$(TARGET_NAME)";
			};
			name = Debug;
		};
		75D8193320779DF800C85590 /* Release */ = {
			isa = XCBuildConfiguration;
			buildSettings = {
				HEADER_SEARCH_PATHS = (
					/usr/local/include,
					/opt/X11/include,
				);
				LIBRARY_SEARCH_PATHS = (
					/opt/X11/lib,
					/usr/local/lib,
				);
				OTHER_LDFLAGS = "-lGLUT";
				PRODUCT_NAME = "$(TARGET_NAME)";
			};
			name = Release;
		};
/* End XCBuildConfiguration section */

/* Begin XCConfigurationList section */
		75D8192520779DF800C85590 /* Build configuration list for PBXProject "OpenGLHelper" */ = {
			isa = XCConfigurationList;
			buildConfigurations = (
				75D8192F20779DF800C85590 /* Debug */,
				75D8193020779DF800C85590 /* Release */,
			);
			defaultConfigurationIsVisible = 0;
			defaultConfigurationName = Release;
		};
		75D8193120779DF800C85590 /* Build configuration list for PBXNativeTarget "rotating-objects" */ = {
			isa = XCConfigurationList;
			buildConfigurations = (
				75D8193220779DF800C85590 /* Debug */,
				75D8193320779DF800C85590 /* Release */,
			);
			defaultConfigurationIsVisible = 0;
			defaultConfigurationName = Release;
		};
/* End XCConfigurationList section */
	};
	rootObject = 75D8192220779DF800C85590 /* Project object */;
}
